
Microsoft Visual Studio Solution File, Format Version 12.00
# Visual Studio Version 16
VisualStudioVersion = 16.0.30804.86
MinimumVisualStudioVersion = 10.0.40219.1
Project("{FAE04EC0-301F-11D3-BF4B-00C04F79EFBC}") = "datalis", "datalis.csproj", "{456DF99E-3A78-46A5-A954-A70AC1106B74}"
EndProject
Global
	GlobalSection(SolutionConfigurationPlatforms) = preSolution
		Debug|Any CPU = Debug|Any CPU
		Release|Any CPU = Release|Any CPU
	EndGlobalSection
	GlobalSection(ProjectConfigurationPlatforms) = postSolution
		{456DF99E-3A78-46A5-A954-A70AC1106B74}.Debug|Any CPU.ActiveCfg = Debug|Any CPU
		{456DF99E-3A78-46A5-A954-A70AC1106B74}.Debug|Any CPU.Build.0 = Debug|Any CPU
		{456DF99E-3A78-46A5-A954-A70AC1106B74}.Release|Any CPU.ActiveCfg = Release|Any CPU
		{456DF99E-3A78-46A5-A954-A70AC1106B74}.Release|Any CPU.Build.0 = Release|Any CPU
	EndGlobalSection
	GlobalSection(SolutionProperties) = preSolution
		HideSolutionNode = FALSE
	EndGlobalSection
	GlobalSection(ExtensibilityGlobals) = postSolution
		SolutionGuid = {F92E45AF-F0B6-480C-A039-00B42FCB4874}
	EndGlobalSection
EndGlobal
